// !$*UTF8*$!
{
	archiveVersion = 1;
	classes = {
	};
	objectVersion = 51;
	objects = {

/* Begin PBXBuildFile section */
		49D0DF0CA31B174CA6869F90 /* Pods_Flix_FlixUITests.framework in Frameworks */ = {isa = PBXBuildFile; fileRef = BCDD0994074B825AC8FF6830 /* Pods_Flix_FlixUITests.framework */; };
		641B33482471DF194FF9DF1F /* Pods_FlixTests.framework in Frameworks */ = {isa = PBXBuildFile; fileRef = D0ED715720F54FD96E5D2F04 /* Pods_FlixTests.framework */; };
		8A60606C971C00C792D544DC /* Pods_Flix.framework in Frameworks */ = {isa = PBXBuildFile; fileRef = C4B9119775CC69E115951C8F /* Pods_Flix.framework */; };
		BB2BAB592365076000244DBF /* MovieGridViewController.swift in Sources */ = {isa = PBXBuildFile; fileRef = BB2BAB582365076000244DBF /* MovieGridViewController.swift */; };
		BB2BAB5B23650B2800244DBF /* MovieGridCell.swift in Sources */ = {isa = PBXBuildFile; fileRef = BB2BAB5A23650B2800244DBF /* MovieGridCell.swift */; };
		BB612FD32364FA6B00B0F30A /* MovieDetailsViewController.swift in Sources */ = {isa = PBXBuildFile; fileRef = BB612FD22364FA6B00B0F30A /* MovieDetailsViewController.swift */; };
		BB7244DC23550A5B00F87816 /* AppDelegate.swift in Sources */ = {isa = PBXBuildFile; fileRef = BB7244DB23550A5B00F87816 /* AppDelegate.swift */; };
		BB7244DE23550A5B00F87816 /* SceneDelegate.swift in Sources */ = {isa = PBXBuildFile; fileRef = BB7244DD23550A5B00F87816 /* SceneDelegate.swift */; };
		BB7244E023550A5B00F87816 /* MoviesViewController.swift in Sources */ = {isa = PBXBuildFile; fileRef = BB7244DF23550A5B00F87816 /* MoviesViewController.swift */; };
		BB7244E323550A5B00F87816 /* Main.storyboard in Resources */ = {isa = PBXBuildFile; fileRef = BB7244E123550A5B00F87816 /* Main.storyboard */; };
		BB7244E523550A5D00F87816 /* Assets.xcassets in Resources */ = {isa = PBXBuildFile; fileRef = BB7244E423550A5D00F87816 /* Assets.xcassets */; };
		BB7244E823550A5D00F87816 /* LaunchScreen.storyboard in Resources */ = {isa = PBXBuildFile; fileRef = BB7244E623550A5D00F87816 /* LaunchScreen.storyboard */; };
		BB7244F323550A5D00F87816 /* FlixTests.swift in Sources */ = {isa = PBXBuildFile; fileRef = BB7244F223550A5D00F87816 /* FlixTests.swift */; };
		BB7244FE23550A5D00F87816 /* FlixUITests.swift in Sources */ = {isa = PBXBuildFile; fileRef = BB7244FD23550A5D00F87816 /* FlixUITests.swift */; };
		BB72450C2355181B00F87816 /* MovieCell.swift in Sources */ = {isa = PBXBuildFile; fileRef = BB72450B2355181B00F87816 /* MovieCell.swift */; };
/* End PBXBuildFile section */

/* Begin PBXContainerItemProxy section */
		BB7244EF23550A5D00F87816 /* PBXContainerItemProxy */ = {
			isa = PBXContainerItemProxy;
			containerPortal = BB7244D023550A5A00F87816 /* Project object */;
			proxyType = 1;
			remoteGlobalIDString = BB7244D723550A5A00F87816;
			remoteInfo = Flix;
		};
		BB7244FA23550A5D00F87816 /* PBXContainerItemProxy */ = {
			isa = PBXContainerItemProxy;
			containerPortal = BB7244D023550A5A00F87816 /* Project object */;
			proxyType = 1;
			remoteGlobalIDString = BB7244D723550A5A00F87816;
			remoteInfo = Flix;
		};
/* End PBXContainerItemProxy section */

/* Begin PBXFileReference section */
		0CED17B05ED0BE18C7202D1E /* Pods-Flix-FlixUITests.debug.xcconfig */ = {isa = PBXFileReference; includeInIndex = 1; lastKnownFileType = text.xcconfig; name = "Pods-Flix-FlixUITests.debug.xcconfig"; path = "Target Support Files/Pods-Flix-FlixUITests/Pods-Flix-FlixUITests.debug.xcconfig"; sourceTree = "<group>"; };
		1B324094418D1E0B1F1472A2 /* Pods-FlixTests.release.xcconfig */ = {isa = PBXFileReference; includeInIndex = 1; lastKnownFileType = text.xcconfig; name = "Pods-FlixTests.release.xcconfig"; path = "Target Support Files/Pods-FlixTests/Pods-FlixTests.release.xcconfig"; sourceTree = "<group>"; };
		9023154C49BC9AB0C5DE1F6E /* Pods-Flix.release.xcconfig */ = {isa = PBXFileReference; includeInIndex = 1; lastKnownFileType = text.xcconfig; name = "Pods-Flix.release.xcconfig"; path = "Target Support Files/Pods-Flix/Pods-Flix.release.xcconfig"; sourceTree = "<group>"; };
		9F6BFF0AE567BE7D1BB302FF /* Pods-Flix-FlixUITests.release.xcconfig */ = {isa = PBXFileReference; includeInIndex = 1; lastKnownFileType = text.xcconfig; name = "Pods-Flix-FlixUITests.release.xcconfig"; path = "Target Support Files/Pods-Flix-FlixUITests/Pods-Flix-FlixUITests.release.xcconfig"; sourceTree = "<group>"; };
		BB2BAB582365076000244DBF /* MovieGridViewController.swift */ = {isa = PBXFileReference; lastKnownFileType = sourcecode.swift; path = MovieGridViewController.swift; sourceTree = "<group>"; };
		BB2BAB5A23650B2800244DBF /* MovieGridCell.swift */ = {isa = PBXFileReference; lastKnownFileType = sourcecode.swift; path = MovieGridCell.swift; sourceTree = "<group>"; };
		BB612FD22364FA6B00B0F30A /* MovieDetailsViewController.swift */ = {isa = PBXFileReference; lastKnownFileType = sourcecode.swift; path = MovieDetailsViewController.swift; sourceTree = "<group>"; };
		BB7244D823550A5B00F87816 /* Flix.app */ = {isa = PBXFileReference; explicitFileType = wrapper.application; includeInIndex = 0; path = Flix.app; sourceTree = BUILT_PRODUCTS_DIR; };
		BB7244DB23550A5B00F87816 /* AppDelegate.swift */ = {isa = PBXFileReference; lastKnownFileType = sourcecode.swift; path = AppDelegate.swift; sourceTree = "<group>"; };
		BB7244DD23550A5B00F87816 /* SceneDelegate.swift */ = {isa = PBXFileReference; lastKnownFileType = sourcecode.swift; path = SceneDelegate.swift; sourceTree = "<group>"; };
		BB7244DF23550A5B00F87816 /* MoviesViewController.swift */ = {isa = PBXFileReference; lastKnownFileType = sourcecode.swift; path = MoviesViewController.swift; sourceTree = "<group>"; };
		BB7244E223550A5B00F87816 /* Base */ = {isa = PBXFileReference; lastKnownFileType = file.storyboard; name = Base; path = Base.lproj/Main.storyboard; sourceTree = "<group>"; };
		BB7244E423550A5D00F87816 /* Assets.xcassets */ = {isa = PBXFileReference; lastKnownFileType = folder.assetcatalog; path = Assets.xcassets; sourceTree = "<group>"; };
		BB7244E723550A5D00F87816 /* Base */ = {isa = PBXFileReference; lastKnownFileType = file.storyboard; name = Base; path = Base.lproj/LaunchScreen.storyboard; sourceTree = "<group>"; };
		BB7244E923550A5D00F87816 /* Info.plist */ = {isa = PBXFileReference; lastKnownFileType = text.plist.xml; path = Info.plist; sourceTree = "<group>"; };
		BB7244EE23550A5D00F87816 /* FlixTests.xctest */ = {isa = PBXFileReference; explicitFileType = wrapper.cfbundle; includeInIndex = 0; path = FlixTests.xctest; sourceTree = BUILT_PRODUCTS_DIR; };
		BB7244F223550A5D00F87816 /* FlixTests.swift */ = {isa = PBXFileReference; lastKnownFileType = sourcecode.swift; path = FlixTests.swift; sourceTree = "<group>"; };
		BB7244F423550A5D00F87816 /* Info.plist */ = {isa = PBXFileReference; lastKnownFileType = text.plist.xml; path = Info.plist; sourceTree = "<group>"; };
		BB7244F923550A5D00F87816 /* FlixUITests.xctest */ = {isa = PBXFileReference; explicitFileType = wrapper.cfbundle; includeInIndex = 0; path = FlixUITests.xctest; sourceTree = BUILT_PRODUCTS_DIR; };
		BB7244FD23550A5D00F87816 /* FlixUITests.swift */ = {isa = PBXFileReference; lastKnownFileType = sourcecode.swift; path = FlixUITests.swift; sourceTree = "<group>"; };
		BB7244FF23550A5D00F87816 /* Info.plist */ = {isa = PBXFileReference; lastKnownFileType = text.plist.xml; path = Info.plist; sourceTree = "<group>"; };
		BB72450B2355181B00F87816 /* MovieCell.swift */ = {isa = PBXFileReference; lastKnownFileType = sourcecode.swift; path = MovieCell.swift; sourceTree = "<group>"; };
		BCDD0994074B825AC8FF6830 /* Pods_Flix_FlixUITests.framework */ = {isa = PBXFileReference; explicitFileType = wrapper.framework; includeInIndex = 0; path = Pods_Flix_FlixUITests.framework; sourceTree = BUILT_PRODUCTS_DIR; };
		C3D9059A00DE6785E5D79BFF /* Pods-FlixTests.debug.xcconfig */ = {isa = PBXFileReference; includeInIndex = 1; lastKnownFileType = text.xcconfig; name = "Pods-FlixTests.debug.xcconfig"; path = "Target Support Files/Pods-FlixTests/Pods-FlixTests.debug.xcconfig"; sourceTree = "<group>"; };
		C4B9119775CC69E115951C8F /* Pods_Flix.framework */ = {isa = PBXFileReference; explicitFileType = wrapper.framework; includeInIndex = 0; path = Pods_Flix.framework; sourceTree = BUILT_PRODUCTS_DIR; };
		D0ED715720F54FD96E5D2F04 /* Pods_FlixTests.framework */ = {isa = PBXFileReference; explicitFileType = wrapper.framework; includeInIndex = 0; path = Pods_FlixTests.framework; sourceTree = BUILT_PRODUCTS_DIR; };
		FF800D56D9E76BE1F3409AFD /* Pods-Flix.debug.xcconfig */ = {isa = PBXFileReference; includeInIndex = 1; lastKnownFileType = text.xcconfig; name = "Pods-Flix.debug.xcconfig"; path = "Target Support Files/Pods-Flix/Pods-Flix.debug.xcconfig"; sourceTree = "<group>"; };
/* End PBXFileReference section */

/* Begin PBXFrameworksBuildPhase section */
		BB7244D523550A5A00F87816 /* Frameworks */ = {
			isa = PBXFrameworksBuildPhase;
			buildActionMask = 2147483647;
			files = (
				8A60606C971C00C792D544DC /* Pods_Flix.framework in Frameworks */,
			);
			runOnlyForDeploymentPostprocessing = 0;
		};
		BB7244EB23550A5D00F87816 /* Frameworks */ = {
			isa = PBXFrameworksBuildPhase;
			buildActionMask = 2147483647;
			files = (
				641B33482471DF194FF9DF1F /* Pods_FlixTests.framework in Frameworks */,
			);
			runOnlyForDeploymentPostprocessing = 0;
		};
		BB7244F623550A5D00F87816 /* Frameworks */ = {
			isa = PBXFrameworksBuildPhase;
			buildActionMask = 2147483647;
			files = (
				49D0DF0CA31B174CA6869F90 /* Pods_Flix_FlixUITests.framework in Frameworks */,
			);
			runOnlyForDeploymentPostprocessing = 0;
		};
/* End PBXFrameworksBuildPhase section */

/* Begin PBXGroup section */
		068103427B18B793E395722F /* Frameworks */ = {
			isa = PBXGroup;
			children = (
				C4B9119775CC69E115951C8F /* Pods_Flix.framework */,
				BCDD0994074B825AC8FF6830 /* Pods_Flix_FlixUITests.framework */,
				D0ED715720F54FD96E5D2F04 /* Pods_FlixTests.framework */,
			);
			name = Frameworks;
			sourceTree = "<group>";
		};
		BB7244CF23550A5A00F87816 = {
			isa = PBXGroup;
			children = (
				BB7244DA23550A5B00F87816 /* Flix */,
				BB7244F123550A5D00F87816 /* FlixTests */,
				BB7244FC23550A5D00F87816 /* FlixUITests */,
				BB7244D923550A5B00F87816 /* Products */,
				DE953BA4B91BB62BE7994741 /* Pods */,
				068103427B18B793E395722F /* Frameworks */,
			);
			sourceTree = "<group>";
		};
		BB7244D923550A5B00F87816 /* Products */ = {
			isa = PBXGroup;
			children = (
				BB7244D823550A5B00F87816 /* Flix.app */,
				BB7244EE23550A5D00F87816 /* FlixTests.xctest */,
				BB7244F923550A5D00F87816 /* FlixUITests.xctest */,
			);
			name = Products;
			sourceTree = "<group>";
		};
		BB7244DA23550A5B00F87816 /* Flix */ = {
			isa = PBXGroup;
			children = (
				BB7244DB23550A5B00F87816 /* AppDelegate.swift */,
				BB7244DD23550A5B00F87816 /* SceneDelegate.swift */,
				BB612FD22364FA6B00B0F30A /* MovieDetailsViewController.swift */,
				BB7244DF23550A5B00F87816 /* MoviesViewController.swift */,
				BB72450B2355181B00F87816 /* MovieCell.swift */,
				BB2BAB5A23650B2800244DBF /* MovieGridCell.swift */,
				BB7244E123550A5B00F87816 /* Main.storyboard */,
				BB7244E423550A5D00F87816 /* Assets.xcassets */,
				BB7244E623550A5D00F87816 /* LaunchScreen.storyboard */,
				BB7244E923550A5D00F87816 /* Info.plist */,
				BB2BAB582365076000244DBF /* MovieGridViewController.swift */,
			);
			path = Flix;
			sourceTree = "<group>";
		};
		BB7244F123550A5D00F87816 /* FlixTests */ = {
			isa = PBXGroup;
			children = (
				BB7244F223550A5D00F87816 /* FlixTests.swift */,
				BB7244F423550A5D00F87816 /* Info.plist */,
			);
			path = FlixTests;
			sourceTree = "<group>";
		};
		BB7244FC23550A5D00F87816 /* FlixUITests */ = {
			isa = PBXGroup;
			children = (
				BB7244FD23550A5D00F87816 /* FlixUITests.swift */,
				BB7244FF23550A5D00F87816 /* Info.plist */,
			);
			path = FlixUITests;
			sourceTree = "<group>";
		};
		DE953BA4B91BB62BE7994741 /* Pods */ = {
			isa = PBXGroup;
			children = (
				FF800D56D9E76BE1F3409AFD /* Pods-Flix.debug.xcconfig */,
				9023154C49BC9AB0C5DE1F6E /* Pods-Flix.release.xcconfig */,
				0CED17B05ED0BE18C7202D1E /* Pods-Flix-FlixUITests.debug.xcconfig */,
				9F6BFF0AE567BE7D1BB302FF /* Pods-Flix-FlixUITests.release.xcconfig */,
				C3D9059A00DE6785E5D79BFF /* Pods-FlixTests.debug.xcconfig */,
				1B324094418D1E0B1F1472A2 /* Pods-FlixTests.release.xcconfig */,
			);
			path = Pods;
			sourceTree = "<group>";
		};
/* End PBXGroup section */

/* Begin PBXNativeTarget section */
		BB7244D723550A5A00F87816 /* Flix */ = {
			isa = PBXNativeTarget;
			buildConfigurationList = BB72450223550A5D00F87816 /* Build configuration list for PBXNativeTarget "Flix" */;
			buildPhases = (
				9CF8B15C8E827DF04942BFC7 /* [CP] Check Pods Manifest.lock */,
				BB7244D423550A5A00F87816 /* Sources */,
				BB7244D523550A5A00F87816 /* Frameworks */,
				BB7244D623550A5A00F87816 /* Resources */,
				BF3041F12B626B8575B3EEFC /* [CP] Embed Pods Frameworks */,
			);
			buildRules = (
			);
			dependencies = (
			);
			name = Flix;
			productName = Flix;
			productReference = BB7244D823550A5B00F87816 /* Flix.app */;
			productType = "com.apple.product-type.application";
		};
		BB7244ED23550A5D00F87816 /* FlixTests */ = {
			isa = PBXNativeTarget;
			buildConfigurationList = BB72450523550A5D00F87816 /* Build configuration list for PBXNativeTarget "FlixTests" */;
			buildPhases = (
				3CCA67F76EDD63A3F3A6F4B9 /* [CP] Check Pods Manifest.lock */,
				BB7244EA23550A5D00F87816 /* Sources */,
				BB7244EB23550A5D00F87816 /* Frameworks */,
				BB7244EC23550A5D00F87816 /* Resources */,
			);
			buildRules = (
			);
			dependencies = (
				BB7244F023550A5D00F87816 /* PBXTargetDependency */,
			);
			name = FlixTests;
			productName = FlixTests;
			productReference = BB7244EE23550A5D00F87816 /* FlixTests.xctest */;
			productType = "com.apple.product-type.bundle.unit-test";
		};
		BB7244F823550A5D00F87816 /* FlixUITests */ = {
			isa = PBXNativeTarget;
			buildConfigurationList = BB72450823550A5D00F87816 /* Build configuration list for PBXNativeTarget "FlixUITests" */;
			buildPhases = (
				955FB4C5AD30E39CA321073D /* [CP] Check Pods Manifest.lock */,
				BB7244F523550A5D00F87816 /* Sources */,
				BB7244F623550A5D00F87816 /* Frameworks */,
				BB7244F723550A5D00F87816 /* Resources */,
				B1FF864F2FDD5D9C54ABA1E6 /* [CP] Embed Pods Frameworks */,
			);
			buildRules = (
			);
			dependencies = (
				BB7244FB23550A5D00F87816 /* PBXTargetDependency */,
			);
			name = FlixUITests;
			productName = FlixUITests;
			productReference = BB7244F923550A5D00F87816 /* FlixUITests.xctest */;
			productType = "com.apple.product-type.bundle.ui-testing";
		};
/* End PBXNativeTarget section */

/* Begin PBXProject section */
		BB7244D023550A5A00F87816 /* Project object */ = {
			isa = PBXProject;
			attributes = {
				LastSwiftUpdateCheck = 1100;
				LastUpgradeCheck = 1100;
				ORGANIZATIONNAME = "Guillermo Hernandez";
				TargetAttributes = {
					BB7244D723550A5A00F87816 = {
						CreatedOnToolsVersion = 11.0;
					};
					BB7244ED23550A5D00F87816 = {
						CreatedOnToolsVersion = 11.0;
						TestTargetID = BB7244D723550A5A00F87816;
					};
					BB7244F823550A5D00F87816 = {
						CreatedOnToolsVersion = 11.0;
						TestTargetID = BB7244D723550A5A00F87816;
					};
				};
			};
			buildConfigurationList = BB7244D323550A5A00F87816 /* Build configuration list for PBXProject "Flix" */;
			compatibilityVersion = "Xcode 9.3";
			developmentRegion = en;
			hasScannedForEncodings = 0;
			knownRegions = (
				en,
				Base,
			);
			mainGroup = BB7244CF23550A5A00F87816;
			productRefGroup = BB7244D923550A5B00F87816 /* Products */;
			projectDirPath = "";
			projectRoot = "";
			targets = (
				BB7244D723550A5A00F87816 /* Flix */,
				BB7244ED23550A5D00F87816 /* FlixTests */,
				BB7244F823550A5D00F87816 /* FlixUITests */,
			);
		};
/* End PBXProject section */

/* Begin PBXResourcesBuildPhase section */
		BB7244D623550A5A00F87816 /* Resources */ = {
			isa = PBXResourcesBuildPhase;
			buildActionMask = 2147483647;
			files = (
				BB7244E823550A5D00F87816 /* LaunchScreen.storyboard in Resources */,
				BB7244E523550A5D00F87816 /* Assets.xcassets in Resources */,
				BB7244E323550A5B00F87816 /* Main.storyboard in Resources */,
			);
			runOnlyForDeploymentPostprocessing = 0;
		};
		BB7244EC23550A5D00F87816 /* Resources */ = {
			isa = PBXResourcesBuildPhase;
			buildActionMask = 2147483647;
			files = (
			);
			runOnlyForDeploymentPostprocessing = 0;
		};
		BB7244F723550A5D00F87816 /* Resources */ = {
			isa = PBXResourcesBuildPhase;
			buildActionMask = 2147483647;
			files = (
			);
			runOnlyForDeploymentPostprocessing = 0;
		};
/* End PBXResourcesBuildPhase section */

/* Begin PBXShellScriptBuildPhase section */
		3CCA67F76EDD63A3F3A6F4B9 /* [CP] Check Pods Manifest.lock */ = {
			isa = PBXShellScriptBuildPhase;
			buildActionMask = 2147483647;
			files = (
			);
			inputFileListPaths = (
			);
			inputPaths = (
				"${PODS_PODFILE_DIR_PATH}/Podfile.lock",
				"${PODS_ROOT}/Manifest.lock",
			);
			name = "[CP] Check Pods Manifest.lock";
			outputFileListPaths = (
			);
			outputPaths = (
				"$(DERIVED_FILE_DIR)/Pods-FlixTests-checkManifestLockResult.txt",
			);
			runOnlyForDeploymentPostprocessing = 0;
			shellPath = /bin/sh;
			shellScript = "diff \"${PODS_PODFILE_DIR_PATH}/Podfile.lock\" \"${PODS_ROOT}/Manifest.lock\" > /dev/null\nif [ $? != 0 ] ; then\n    # print error to STDERR\n    echo \"error: The sandbox is not in sync with the Podfile.lock. Run 'pod install' or update your CocoaPods installation.\" >&2\n    exit 1\nfi\n# This output is used by Xcode 'outputs' to avoid re-running this script phase.\necho \"SUCCESS\" > \"${SCRIPT_OUTPUT_FILE_0}\"\n";
			showEnvVarsInLog = 0;
		};
		955FB4C5AD30E39CA321073D /* [CP] Check Pods Manifest.lock */ = {
			isa = PBXShellScriptBuildPhase;
			buildActionMask = 2147483647;
			files = (
			);
			inputFileListPaths = (
			);
			inputPaths = (
				"${PODS_PODFILE_DIR_PATH}/Podfile.lock",
				"${PODS_ROOT}/Manifest.lock",
			);
			name = "[CP] Check Pods Manifest.lock";
			outputFileListPaths = (
			);
			outputPaths = (
				"$(DERIVED_FILE_DIR)/Pods-Flix-FlixUITests-checkManifestLockResult.txt",
			);
			runOnlyForDeploymentPostprocessing = 0;
			shellPath = /bin/sh;
			shellScript = "diff \"${PODS_PODFILE_DIR_PATH}/Podfile.lock\" \"${PODS_ROOT}/Manifest.lock\" > /dev/null\nif [ $? != 0 ] ; then\n    # print error to STDERR\n    echo \"error: The sandbox is not in sync with the Podfile.lock. Run 'pod install' or update your CocoaPods installation.\" >&2\n    exit 1\nfi\n# This output is used by Xcode 'outputs' to avoid re-running this script phase.\necho \"SUCCESS\" > \"${SCRIPT_OUTPUT_FILE_0}\"\n";
			showEnvVarsInLog = 0;
		};
		9CF8B15C8E827DF04942BFC7 /* [CP] Check Pods Manifest.lock */ = {
			isa = PBXShellScriptBuildPhase;
			buildActionMask = 2147483647;
			files = (
			);
			inputFileListPaths = (
			);
			inputPaths = (
				"${PODS_PODFILE_DIR_PATH}/Podfile.lock",
				"${PODS_ROOT}/Manifest.lock",
			);
			name = "[CP] Check Pods Manifest.lock";
			outputFileListPaths = (
			);
			outputPaths = (
				"$(DERIVED_FILE_DIR)/Pods-Flix-checkManifestLockResult.txt",
			);
			runOnlyForDeploymentPostprocessing = 0;
			shellPath = /bin/sh;
			shellScript = "diff \"${PODS_PODFILE_DIR_PATH}/Podfile.lock\" \"${PODS_ROOT}/Manifest.lock\" > /dev/null\nif [ $? != 0 ] ; then\n    # print error to STDERR\n    echo \"error: The sandbox is not in sync with the Podfile.lock. Run 'pod install' or update your CocoaPods installation.\" >&2\n    exit 1\nfi\n# This output is used by Xcode 'outputs' to avoid re-running this script phase.\necho \"SUCCESS\" > \"${SCRIPT_OUTPUT_FILE_0}\"\n";
			showEnvVarsInLog = 0;
		};
		B1FF864F2FDD5D9C54ABA1E6 /* [CP] Embed Pods Frameworks */ = {
			isa = PBXShellScriptBuildPhase;
			buildActionMask = 2147483647;
			files = (
			);
			inputFileListPaths = (
				"${PODS_ROOT}/Target Support Files/Pods-Flix-FlixUITests/Pods-Flix-FlixUITests-frameworks-${CONFIGURATION}-input-files.xcfilelist",
			);
			name = "[CP] Embed Pods Frameworks";
			outputFileListPaths = (
				"${PODS_ROOT}/Target Support Files/Pods-Flix-FlixUITests/Pods-Flix-FlixUITests-frameworks-${CONFIGURATION}-output-files.xcfilelist",
			);
			runOnlyForDeploymentPostprocessing = 0;
			shellPath = /bin/sh;
			shellScript = "\"${PODS_ROOT}/Target Support Files/Pods-Flix-FlixUITests/Pods-Flix-FlixUITests-frameworks.sh\"\n";
			showEnvVarsInLog = 0;
		};
		BF3041F12B626B8575B3EEFC /* [CP] Embed Pods Frameworks */ = {
			isa = PBXShellScriptBuildPhase;
			buildActionMask = 2147483647;
			files = (
			);
			inputFileListPaths = (
				"${PODS_ROOT}/Target Support Files/Pods-Flix/Pods-Flix-frameworks-${CONFIGURATION}-input-files.xcfilelist",
			);
			name = "[CP] Embed Pods Frameworks";
			outputFileListPaths = (
				"${PODS_ROOT}/Target Support Files/Pods-Flix/Pods-Flix-frameworks-${CONFIGURATION}-output-files.xcfilelist",
			);
			runOnlyForDeploymentPostprocessing = 0;
			shellPath = /bin/sh;
			shellScript = "\"${PODS_ROOT}/Target Support Files/Pods-Flix/Pods-Flix-frameworks.sh\"\n";
			showEnvVarsInLog = 0;
		};
/* End PBXShellScriptBuildPhase section */

/* Begin PBXSourcesBuildPhase section */
		BB7244D423550A5A00F87816 /* Sources */ = {
			isa = PBXSourcesBuildPhase;
			buildActionMask = 2147483647;
			files = (
				BB612FD32364FA6B00B0F30A /* MovieDetailsViewController.swift in Sources */,
				BB7244E023550A5B00F87816 /* MoviesViewController.swift in Sources */,
				BB7244DC23550A5B00F87816 /* AppDelegate.swift in Sources */,
				BB72450C2355181B00F87816 /* MovieCell.swift in Sources */,
				BB7244DE23550A5B00F87816 /* SceneDelegate.swift in Sources */,
				BB2BAB592365076000244DBF /* MovieGridViewController.swift in Sources */,
				BB2BAB5B23650B2800244DBF /* MovieGridCell.swift in Sources */,
			);
			runOnlyForDeploymentPostprocessing = 0;
		};
		BB7244EA23550A5D00F87816 /* Sources */ = {
			isa = PBXSourcesBuildPhase;
			buildActionMask = 2147483647;
			files = (
				BB7244F323550A5D00F87816 /* FlixTests.swift in Sources */,
			);
			runOnlyForDeploymentPostprocessing = 0;
		};
		BB7244F523550A5D00F87816 /* Sources */ = {
			isa = PBXSourcesBuildPhase;
			buildActionMask = 2147483647;
			files = (
				BB7244FE23550A5D00F87816 /* FlixUITests.swift in Sources */,
			);
			runOnlyForDeploymentPostprocessing = 0;
		};
/* End PBXSourcesBuildPhase section */

/* Begin PBXTargetDependency section */
		BB7244F023550A5D00F87816 /* PBXTargetDependency */ = {
			isa = PBXTargetDependency;
			target = BB7244D723550A5A00F87816 /* Flix */;
			targetProxy = BB7244EF23550A5D00F87816 /* PBXContainerItemProxy */;
		};
		BB7244FB23550A5D00F87816 /* PBXTargetDependency */ = {
			isa = PBXTargetDependency;
			target = BB7244D723550A5A00F87816 /* Flix */;
			targetProxy = BB7244FA23550A5D00F87816 /* PBXContainerItemProxy */;
		};
/* End PBXTargetDependency section */

/* Begin PBXVariantGroup section */
		BB7244E123550A5B00F87816 /* Main.storyboard */ = {
			isa = PBXVariantGroup;
			children = (
				BB7244E223550A5B00F87816 /* Base */,
			);
			name = Main.storyboard;
			sourceTree = "<group>";
		};
		BB7244E623550A5D00F87816 /* LaunchScreen.storyboard */ = {
			isa = PBXVariantGroup;
			children = (
				BB7244E723550A5D00F87816 /* Base */,
			);
			name = LaunchScreen.storyboard;
			sourceTree = "<group>";
		};
/* End PBXVariantGroup section */

/* Begin XCBuildConfiguration section */
		BB72450023550A5D00F87816 /* Debug */ = {
			isa = XCBuildConfiguration;
			buildSettings = {
				ALWAYS_SEARCH_USER_PATHS = NO;
				CLANG_ANALYZER_NONNULL = YES;
				CLANG_ANALYZER_NUMBER_OBJECT_CONVERSION = YES_AGGRESSIVE;
				CLANG_CXX_LANGUAGE_STANDARD = "gnu++14";
				CLANG_CXX_LIBRARY = "libc++";
				CLANG_ENABLE_MODULES = YES;
				CLANG_ENABLE_OBJC_ARC = YES;
				CLANG_ENABLE_OBJC_WEAK = YES;
				CLANG_WARN_BLOCK_CAPTURE_AUTORELEASING = YES;
				CLANG_WARN_BOOL_CONVERSION = YES;
				CLANG_WARN_COMMA = YES;
				CLANG_WARN_CONSTANT_CONVERSION = YES;
				CLANG_WARN_DEPRECATED_OBJC_IMPLEMENTATIONS = YES;
				CLANG_WARN_DIRECT_OBJC_ISA_USAGE = YES_ERROR;
				CLANG_WARN_DOCUMENTATION_COMMENTS = YES;
				CLANG_WARN_EMPTY_BODY = YES;
				CLANG_WARN_ENUM_CONVERSION = YES;
				CLANG_WARN_INFINITE_RECURSION = YES;
				CLANG_WARN_INT_CONVERSION = YES;
				CLANG_WARN_NON_LITERAL_NULL_CONVERSION = YES;
				CLANG_WARN_OBJC_IMPLICIT_RETAIN_SELF = YES;
				CLANG_WARN_OBJC_LITERAL_CONVERSION = YES;
				CLANG_WARN_OBJC_ROOT_CLASS = YES_ERROR;
				CLANG_WARN_RANGE_LOOP_ANALYSIS = YES;
				CLANG_WARN_STRICT_PROTOTYPES = YES;
				CLANG_WARN_SUSPICIOUS_MOVE = YES;
				CLANG_WARN_UNGUARDED_AVAILABILITY = YES_AGGRESSIVE;
				CLANG_WARN_UNREACHABLE_CODE = YES;
				CLANG_WARN__DUPLICATE_METHOD_MATCH = YES;
				COPY_PHASE_STRIP = NO;
				DEBUG_INFORMATION_FORMAT = dwarf;
				ENABLE_STRICT_OBJC_MSGSEND = YES;
				ENABLE_TESTABILITY = YES;
				GCC_C_LANGUAGE_STANDARD = gnu11;
				GCC_DYNAMIC_NO_PIC = NO;
				GCC_NO_COMMON_BLOCKS = YES;
				GCC_OPTIMIZATION_LEVEL = 0;
				GCC_PREPROCESSOR_DEFINITIONS = (
					"DEBUG=1",
					"$(inherited)",
				);
				GCC_WARN_64_TO_32_BIT_CONVERSION = YES;
				GCC_WARN_ABOUT_RETURN_TYPE = YES_ERROR;
				GCC_WARN_UNDECLARED_SELECTOR = YES;
				GCC_WARN_UNINITIALIZED_AUTOS = YES_AGGRESSIVE;
				GCC_WARN_UNUSED_FUNCTION = YES;
				GCC_WARN_UNUSED_VARIABLE = YES;
				IPHONEOS_DEPLOYMENT_TARGET = 13.0;
				MTL_ENABLE_DEBUG_INFO = INCLUDE_SOURCE;
				MTL_FAST_MATH = YES;
				ONLY_ACTIVE_ARCH = YES;
				SDKROOT = iphoneos;
				SWIFT_ACTIVE_COMPILATION_CONDITIONS = DEBUG;
				SWIFT_OPTIMIZATION_LEVEL = "-Onone";
			};
			name = Debug;
		};
		BB72450123550A5D00F87816 /* Release */ = {
			isa = XCBuildConfiguration;
			buildSettings = {
				ALWAYS_SEARCH_USER_PATHS = NO;
				CLANG_ANALYZER_NONNULL = YES;
				CLANG_ANALYZER_NUMBER_OBJECT_CONVERSION = YES_AGGRESSIVE;
				CLANG_CXX_LANGUAGE_STANDARD = "gnu++14";
				CLANG_CXX_LIBRARY = "libc++";
				CLANG_ENABLE_MODULES = YES;
				CLANG_ENABLE_OBJC_ARC = YES;
				CLANG_ENABLE_OBJC_WEAK = YES;
				CLANG_WARN_BLOCK_CAPTURE_AUTORELEASING = YES;
				CLANG_WARN_BOOL_CONVERSION = YES;
				CLANG_WARN_COMMA = YES;
				CLANG_WARN_CONSTANT_CONVERSION = YES;
				CLANG_WARN_DEPRECATED_OBJC_IMPLEMENTATIONS = YES;
				CLANG_WARN_DIRECT_OBJC_ISA_USAGE = YES_ERROR;
				CLANG_WARN_DOCUMENTATION_COMMENTS = YES;
				CLANG_WARN_EMPTY_BODY = YES;
				CLANG_WARN_ENUM_CONVERSION = YES;
				CLANG_WARN_INFINITE_RECURSION = YES;
				CLANG_WARN_INT_CONVERSION = YES;
				CLANG_WARN_NON_LITERAL_NULL_CONVERSION = YES;
				CLANG_WARN_OBJC_IMPLICIT_RETAIN_SELF = YES;
				CLANG_WARN_OBJC_LITERAL_CONVERSION = YES;
				CLANG_WARN_OBJC_ROOT_CLASS = YES_ERROR;
				CLANG_WARN_RANGE_LOOP_ANALYSIS = YES;
				CLANG_WARN_STRICT_PROTOTYPES = YES;
				CLANG_WARN_SUSPICIOUS_MOVE = YES;
				CLANG_WARN_UNGUARDED_AVAILABILITY = YES_AGGRESSIVE;
				CLANG_WARN_UNREACHABLE_CODE = YES;
				CLANG_WARN__DUPLICATE_METHOD_MATCH = YES;
				COPY_PHASE_STRIP = NO;
				DEBUG_INFORMATION_FORMAT = "dwarf-with-dsym";
				ENABLE_NS_ASSERTIONS = NO;
				ENABLE_STRICT_OBJC_MSGSEND = YES;
				GCC_C_LANGUAGE_STANDARD = gnu11;
				GCC_NO_COMMON_BLOCKS = YES;
				GCC_WARN_64_TO_32_BIT_CONVERSION = YES;
				GCC_WARN_ABOUT_RETURN_TYPE = YES_ERROR;
				GCC_WARN_UNDECLARED_SELECTOR = YES;
				GCC_WARN_UNINITIALIZED_AUTOS = YES_AGGRESSIVE;
				GCC_WARN_UNUSED_FUNCTION = YES;
				GCC_WARN_UNUSED_VARIABLE = YES;
				IPHONEOS_DEPLOYMENT_TARGET = 13.0;
				MTL_ENABLE_DEBUG_INFO = NO;
				MTL_FAST_MATH = YES;
				SDKROOT = iphoneos;
				SWIFT_COMPILATION_MODE = wholemodule;
				SWIFT_OPTIMIZATION_LEVEL = "-O";
				VALIDATE_PRODUCT = YES;
			};
			name = Release;
		};
		BB72450323550A5D00F87816 /* Debug */ = {
			isa = XCBuildConfiguration;
			baseConfigurationReference = FF800D56D9E76BE1F3409AFD /* Pods-Flix.debug.xcconfig */;
			buildSettings = {
				ASSETCATALOG_COMPILER_APPICON_NAME = AppIcon;
				CODE_SIGN_STYLE = Automatic;
				DEVELOPMENT_TEAM = 86JU6FT2J4;
				INFOPLIST_FILE = Flix/Info.plist;
				LD_RUNPATH_SEARCH_PATHS = (
					"$(inherited)",
					"@executable_path/Frameworks",
				);
				PRODUCT_BUNDLE_IDENTIFIER = hernandezguillermo.Flix;
				PRODUCT_NAME = "$(TARGET_NAME)";
				SWIFT_VERSION = 5.0;
				TARGETED_DEVICE_FAMILY = "1,2";
			};
			name = Debug;
		};
		BB72450423550A5D00F87816 /* Release */ = {
			isa = XCBuildConfiguration;
			baseConfigurationReference = 9023154C49BC9AB0C5DE1F6E /* Pods-Flix.release.xcconfig */;
			buildSettings = {
				ASSETCATALOG_COMPILER_APPICON_NAME = AppIcon;
				CODE_SIGN_STYLE = Automatic;
				DEVELOPMENT_TEAM = 86JU6FT2J4;
				INFOPLIST_FILE = Flix/Info.plist;
				LD_RUNPATH_SEARCH_PATHS = (
					"$(inherited)",
					"@executable_path/Frameworks",
				);
				PRODUCT_BUNDLE_IDENTIFIER = hernandezguillermo.Flix;
				PRODUCT_NAME = "$(TARGET_NAME)";
				SWIFT_VERSION = 5.0;
				TARGETED_DEVICE_FAMILY = "1,2";
			};
			name = Release;
		};
		BB72450623550A5D00F87816 /* Debug */ = {
			isa = XCBuildConfiguration;
			baseConfigurationReference = C3D9059A00DE6785E5D79BFF /* Pods-FlixTests.debug.xcconfig */;
			buildSettings = {
				ALWAYS_EMBED_SWIFT_STANDARD_LIBRARIES = YES;
				BUNDLE_LOADER = "$(TEST_HOST)";
				CODE_SIGN_STYLE = Automatic;
				DEVELOPMENT_TEAM = 86JU6FT2J4;
				INFOPLIST_FILE = FlixTests/Info.plist;
				IPHONEOS_DEPLOYMENT_TARGET = 13.0;
				LD_RUNPATH_SEARCH_PATHS = (
					"$(inherited)",
					"@executable_path/Frameworks",
					"@loader_path/Frameworks",
				);
				PRODUCT_BUNDLE_IDENTIFIER = hernandezguillermo.FlixTests;
				PRODUCT_NAME = "$(TARGET_NAME)";
				SWIFT_VERSION = 5.0;
				TARGETED_DEVICE_FAMILY = "1,2";
				TEST_HOST = "$(BUILT_PRODUCTS_DIR)/Flix.app/Flix";
			};
			name = Debug;
		};
		BB72450723550A5D00F87816 /* Release */ = {
			isa = XCBuildConfiguration;
			baseConfigurationReference = 1B324094418D1E0B1F1472A2 /* Pods-FlixTests.release.xcconfig */;
			buildSettings = {
				ALWAYS_EMBED_SWIFT_STANDARD_LIBRARIES = YES;
				BUNDLE_LOADER = "$(TEST_HOST)";
				CODE_SIGN_STYLE = Automatic;
				DEVELOPMENT_TEAM = 86JU6FT2J4;
				INFOPLIST_FILE = FlixTests/Info.plist;
				IPHONEOS_DEPLOYMENT_TARGET = 13.0;
				LD_RUNPATH_SEARCH_PATHS = (
					"$(inherited)",
					"@executable_path/Frameworks",
					"@loader_path/Frameworks",
				);
				PRODUCT_BUNDLE_IDENTIFIER = hernandezguillermo.FlixTests;
				PRODUCT_NAME = "$(TARGET_NAME)";
				SWIFT_VERSION = 5.0;
				TARGETED_DEVICE_FAMILY = "1,2";
				TEST_HOST = "$(BUILT_PRODUCTS_DIR)/Flix.app/Flix";
			};
			name = Release;
		};
		BB72450923550A5D00F87816 /* Debug */ = {
			isa = XCBuildConfiguration;
			baseConfigurationReference = 0CED17B05ED0BE18C7202D1E /* Pods-Flix-FlixUITests.debug.xcconfig */;
			buildSettings = {
				ALWAYS_EMBED_SWIFT_STANDARD_LIBRARIES = YES;
				CODE_SIGN_STYLE = Automatic;
				DEVELOPMENT_TEAM = 86JU6FT2J4;
				INFOPLIST_FILE = FlixUITests/Info.plist;
				LD_RUNPATH_SEARCH_PATHS = (
					"$(inherited)",
					"@executable_path/Frameworks",
					"@loader_path/Frameworks",
				);
				PRODUCT_BUNDLE_IDENTIFIER = hernandezguillermo.FlixUITests;
				PRODUCT_NAME = "$(TARGET_NAME)";
				SWIFT_VERSION = 5.0;
				TARGETED_DEVICE_FAMILY = "1,2";
				TEST_TARGET_NAME = Flix;
			};
			name = Debug;
		};
		BB72450A23550A5D00F87816 /* Release */ = {
			isa = XCBuildConfiguration;
			baseConfigurationReference = 9F6BFF0AE567BE7D1BB302FF /* Pods-Flix-FlixUITests.release.xcconfig */;
			buildSettings = {
				ALWAYS_EMBED_SWIFT_STANDARD_LIBRARIES = YES;
				CODE_SIGN_STYLE = Automatic;
				DEVELOPMENT_TEAM = 86JU6FT2J4;
				INFOPLIST_FILE = FlixUITests/Info.plist;
				LD_RUNPATH_SEARCH_PATHS = (
					"$(inherited)",
					"@executable_path/Frameworks",
					"@loader_path/Frameworks",
				);
				PRODUCT_BUNDLE_IDENTIFIER = hernandezguillermo.FlixUITests;
				PRODUCT_NAME = "$(TARGET_NAME)";
				SWIFT_VERSION = 5.0;
				TARGETED_DEVICE_FAMILY = "1,2";
				TEST_TARGET_NAME = Flix;
			};
			name = Release;
		};
/* End XCBuildConfiguration section */

/* Begin XCConfigurationList section */
		BB7244D323550A5A00F87816 /* Build configuration list for PBXProject "Flix" */ = {
			isa = XCConfigurationList;
			buildConfigurations = (
				BB72450023550A5D00F87816 /* Debug */,
				BB72450123550A5D00F87816 /* Release */,
			);
			defaultConfigurationIsVisible = 0;
			defaultConfigurationName = Release;
		};
		BB72450223550A5D00F87816 /* Build configuration list for PBXNativeTarget "Flix" */ = {
			isa = XCConfigurationList;
			buildConfigurations = (
				BB72450323550A5D00F87816 /* Debug */,
				BB72450423550A5D00F87816 /* Release */,
			);
			defaultConfigurationIsVisible = 0;
			defaultConfigurationName = Release;
		};
		BB72450523550A5D00F87816 /* Build configuration list for PBXNativeTarget "FlixTests" */ = {
			isa = XCConfigurationList;
			buildConfigurations = (
				BB72450623550A5D00F87816 /* Debug */,
				BB72450723550A5D00F87816 /* Release */,
			);
			defaultConfigurationIsVisible = 0;
			defaultConfigurationName = Release;
		};
		BB72450823550A5D00F87816 /* Build configuration list for PBXNativeTarget "FlixUITests" */ = {
			isa = XCConfigurationList;
			buildConfigurations = (
				BB72450923550A5D00F87816 /* Debug */,
				BB72450A23550A5D00F87816 /* Release */,
			);
			defaultConfigurationIsVisible = 0;
			defaultConfigurationName = Release;
		};
/* End XCConfigurationList section */
	};
	rootObject = BB7244D023550A5A00F87816 /* Project object */;
}
